
Microsoft Visual Studio Solution File, Format Version 12.00
# Visual Studio 14
VisualStudioVersion = 14.0.25420.1
MinimumVisualStudioVersion = 10.0.40219.1
Project("{2150E333-8FDC-42A3-9474-1A3956D46DE8}") = "src", "src", "{42436EFC-29F8-45A7-AA39-17D650EE073E}"
EndProject
Project("{2150E333-8FDC-42A3-9474-1A3956D46DE8}") = "Solution Items", "Solution Items", "{6E91507F-2D16-4B3F-B1E6-6A8BED7A9205}"
	ProjectSection(SolutionItems) = preProject
		global.json = global.json
	EndProjectSection
EndProject
Project("{8BB2217D-0F2D-49D1-97BC-3654ED321F3B}") = "CrossGenAndVersionMismatchRepro", "src\CrossGenAndVersionMismatchRepro\CrossGenAndVersionMismatchRepro.xproj", "{F7A9A3E8-7264-4AC1-8F04-B6EAA73002E9}"
EndProject
Global
	GlobalSection(SolutionConfigurationPlatforms) = preSolution
		Debug|Any CPU = Debug|Any CPU
		Release|Any CPU = Release|Any CPU
	EndGlobalSection
	GlobalSection(ProjectConfigurationPlatforms) = postSolution
		{F7A9A3E8-7264-4AC1-8F04-B6EAA73002E9}.Debug|Any CPU.ActiveCfg = Debug|Any CPU
		{F7A9A3E8-7264-4AC1-8F04-B6EAA73002E9}.Debug|Any CPU.Build.0 = Debug|Any CPU
		{F7A9A3E8-7264-4AC1-8F04-B6EAA73002E9}.Release|Any CPU.ActiveCfg = Release|Any CPU
		{F7A9A3E8-7264-4AC1-8F04-B6EAA73002E9}.Release|Any CPU.Build.0 = Release|Any CPU
	EndGlobalSection
	GlobalSection(SolutionProperties) = preSolution
		HideSolutionNode = FALSE
	EndGlobalSection
	GlobalSection(NestedProjects) = preSolution
		{F7A9A3E8-7264-4AC1-8F04-B6EAA73002E9} = {42436EFC-29F8-45A7-AA39-17D650EE073E}
	EndGlobalSection
EndGlobal
